{
    "_meta": {
        "hash": {
            "sha256": "ef695df13cd141a81939d233b0fe5dcb8c07c40b3bddf9df93636bf4d5a979e8"
        },
        "host-environment-markers": {
            "implementation_name": "cpython",
            "implementation_version": "3.5.2",
            "os_name": "posix",
            "platform_machine": "x86_64",
            "platform_python_implementation": "CPython",
            "platform_release": "4.13.0-45-generic",
            "platform_system": "Linux",
            "platform_version": "#50~16.04.1-Ubuntu SMP Wed May 30 11:18:27 UTC 2018",
            "python_full_version": "3.5.2",
            "python_version": "3.5",
            "sys_platform": "linux"
        },
        "pipfile-spec": 6,
        "requires": {},
        "sources": [
            {
                "name": "pypi",
                "url": "https://pypi.python.org/simple",
                "verify_ssl": true
            }
        ]
    },
    "default": {
        "certifi": {
            "hashes": [
                "sha256:9fa520c1bacfb634fa7af20a76bcbd3d5fb390481724c597da32c719a7dca4b0",
                "sha256:13e698f54293db9f89122b0581843a782ad0934a4fe0172d2a980ba77fc61bb7"
            ],
            "version": "==2018.4.16"
        },
        "chardet": {
            "hashes": [
                "sha256:fc323ffcaeaed0e0a02bf4d117757b98aed530d9ed4531e3e15460124c106691",
                "sha256:84ab92ed1c4d4f16916e05906b6b75a6c0fb5db821cc65e70cbd64a3e2a5eaae"
            ],
            "version": "==3.0.4"
        },
        "click": {
            "hashes": [
                "sha256:29f99fc6125fbc931b758dc053b3114e55c77a6e4c6c3a2674a2dc986016381d",
                "sha256:f15516df478d5a56180fbf80e68f206010e6d160fc39fa508b65e035fd75130b"
            ],
            "version": "==6.7"
        },
        "click-plugins": {
            "hashes": [
                "sha256:7acc5e7eedd2dfd719714e8d53ae99030b5357aed661d0b06dacd6c2d583d7c5"
            ],
            "version": "==1.0.3"
        },
        "cligj": {
            "hashes": [
                "sha256:7588487f1afcefbe65ae477cdbd4fca1828a3000fc3332e165dacb1dcb005f8a",
                "sha256:2efdeb0ae64f2c2198ce7540ae0a5d67187d5fe9d79529ad8f4dbb8909210009",
                "sha256:12ad07994f5c1173b06087ffbaacec52f9ebe4687926e5aacfc22b6b0c8b3f54"
            ],
            "version": "==0.4.0"
        },
        "fiona": {
            "hashes": [
                "sha256:6629d151a64d960ca44832ab9d148ee47a2107a122a21ece74d52ed464f07d71",
                "sha256:6342e5ebd24c6dcd8c5ba114796c874fe14b3828f16dc47624158b1f159043eb",
                "sha256:82dd9bc2eaf841b7cc84904c36f86daa32a3303f40f09a66c736d7dbab3e43fd",
                "sha256:08e2d84b2f96103ec905765ccbdbc5a497c0d419168121c354e6f90b9d7e144b",
                "sha256:b74e617379ea4365e56ce041c4fb421bf588688222ba7e657192402a49eb29ba",
                "sha256:17737637827391c96cad9d0b76372ebba5d1cc5d6ef15bb85e931d92dd053f44",
                "sha256:35e28e27ea9af9e7e5dcb0f00488fb584fef55065de8d6b92aaace5bdd07e865",
                "sha256:b405fb2cfebb641fba419563fb39530c6d81910c1efdc75f685a24faa8c415e8",
                "sha256:eecc67f0b1b492979e525f6d9f4f2ef6284beb5f506164cf4b202050a50d748d",
                "sha256:e77bddaea50c2145136a863afeb8f9f4d799dd2523f2f0db1e40e739355e343d",
                "sha256:e8854f3d66436f21eb1eb18ffe51c1ed47c931f859118073b22592347f48faa5",
                "sha256:a156129f0904cb7eb24aa0745b6075da54f2c31db168ed3bcac8a4bd716d77b2"
            ],
            "version": "==1.7.13"
        },
        "idna": {
            "hashes": [
                "sha256:156a6814fb5ac1fc6850fb002e0852d56c0c8d2531923a51032d1b70760e186e",
                "sha256:684a38a6f903c1d71d6d5fac066b58d7768af4de2b832e426ec79c30daa94a16"
            ],
            "version": "==2.7"
        },
        "munch": {
            "hashes": [
                "sha256:6ae3d26b837feacf732fb8aa5b842130da1daf221f5af9f9d4b2a0a6414b0d51"
            ],
            "version": "==2.3.2"
        },
        "requests": {
            "hashes": [
                "sha256:63b52e3c866428a224f97cab011de738c36aec0185aa91cfacd418b5d58911d1",
                "sha256:ec22d826a36ed72a7358ff3fe56cbd4ba69dd7a6718ffd450ff0e9df7a47ce6a"
            ],
            "version": "==2.19.1"
        },
        "six": {
            "hashes": [
                "sha256:832dc0e10feb1aa2c68dcc57dbb658f1c7e65b9b61af69048abc87a2db00a0eb",
                "sha256:70e8a77beed4562e7f14fe23a786b54f6296e34344c23bc42f07b15018ff98e9"
            ],
            "version": "==1.11.0"
        },
        "urllib3": {
            "hashes": [
                "sha256:b5725a0bd4ba422ab0e66e89e030c806576753ea3ee08554382c14e685d117b5",
                "sha256:a68ac5e15e76e7e5dd2b8f94007233e01effe3e50e8daddf69acfd81cb686baf"
            ],
            "version": "==1.23"
        }
    },
    "develop": {}
}
